
Microsoft Visual Studio Solution File, Format Version 12.00
# Visual Studio Version 17
VisualStudioVersion = 17.8.34408.163
MinimumVisualStudioVersion = 10.0.40219.1
Project("{FAE04EC0-301F-11D3-BF4B-00C04F79EFBC}") = "aula1", "aula1\aula1.csproj", "{0075E6B3-12BD-4673-AE46-88D81888F2A2}"
EndProject
Global
	GlobalSection(SolutionConfigurationPlatforms) = preSolution
		Debug|Any CPU = Debug|Any CPU
		Release|Any CPU = Release|Any CPU
	EndGlobalSection
	GlobalSection(ProjectConfigurationPlatforms) = postSolution
		{0075E6B3-12BD-4673-AE46-88D81888F2A2}.Debug|Any CPU.ActiveCfg = Debug|Any CPU
		{0075E6B3-12BD-4673-AE46-88D81888F2A2}.Debug|Any CPU.Build.0 = Debug|Any CPU
		{0075E6B3-12BD-4673-AE46-88D81888F2A2}.Release|Any CPU.ActiveCfg = Release|Any CPU
		{0075E6B3-12BD-4673-AE46-88D81888F2A2}.Release|Any CPU.Build.0 = Release|Any CPU
	EndGlobalSection
	GlobalSection(SolutionProperties) = preSolution
		HideSolutionNode = FALSE
	EndGlobalSection
	GlobalSection(ExtensibilityGlobals) = postSolution
		SolutionGuid = {E79B106D-6A6B-4B45-B136-5143F58A3D6F}
	EndGlobalSection
EndGlobal
